
Microsoft Visual Studio Solution File, Format Version 12.00
# Visual Studio Version 16
VisualStudioVersion = 16.0.30128.74
MinimumVisualStudioVersion = 10.0.40219.1
Project("{9A19103F-16F7-4668-BE54-9A1E7A4F7556}") = "MELI.Domain", "MELI.Domain\MELI.Domain.csproj", "{204881C8-A68D-48C0-8966-4DE4735BB738}"
EndProject
Project("{9A19103F-16F7-4668-BE54-9A1E7A4F7556}") = "MELI.Infraestructure", "MELI.Infraestructure\MELI.Infraestructure.csproj", "{BF5245A9-EF71-4667-B100-3D20FCAAFE73}"
EndProject
Project("{9A19103F-16F7-4668-BE54-9A1E7A4F7556}") = "MELI.WebApi", "MELI.WebApi\MELI.WebApi.csproj", "{959D177E-51EE-4E60-AA5B-A7814ABB1039}"
EndProject
Project("{9A19103F-16F7-4668-BE54-9A1E7A4F7556}") = "MELI.Aplication", "MELI.Aplication\MELI.Aplication.csproj", "{71F9EBEE-ECB6-4BA2-BC46-B8930375E9C2}"
EndProject
Project("{2150E333-8FDC-42A3-9474-1A3956D46DE8}") = "Test", "Test", "{159CF98F-F27C-43BC-BFAD-EFEB7B75C7B7}"
EndProject
Project("{2150E333-8FDC-42A3-9474-1A3956D46DE8}") = "src", "src", "{2048BCE5-9707-4203-A724-F64EDAE2F0CB}"
EndProject
Project("{9A19103F-16F7-4668-BE54-9A1E7A4F7556}") = "MELI.Domain.Test", "MELI.Domain.Test\MELI.Domain.Test.csproj", "{C5127791-4006-4B31-96D7-79E117EBCD81}"
EndProject
Project("{9A19103F-16F7-4668-BE54-9A1E7A4F7556}") = "MELI.Aplication.Test", "MELI.Aplication.Test\MELI.Aplication.Test.csproj", "{16B5963D-A81A-46DF-83F9-5875A913281C}"
EndProject
Project("{9A19103F-16F7-4668-BE54-9A1E7A4F7556}") = "Meli.Infraestructure.Test", "Meli.Infraestructure.Test\Meli.Infraestructure.Test.csproj", "{BB041CB0-30A5-4386-8908-C3C3EA95BF76}"
EndProject
Project("{9A19103F-16F7-4668-BE54-9A1E7A4F7556}") = "MELI.WebApi.Test", "MELI.WebApi.Test\MELI.WebApi.Test.csproj", "{B85FF16D-E285-4D98-8637-83361010479C}"
EndProject
Global
	GlobalSection(SolutionConfigurationPlatforms) = preSolution
		Debug|Any CPU = Debug|Any CPU
		Release|Any CPU = Release|Any CPU
	EndGlobalSection
	GlobalSection(ProjectConfigurationPlatforms) = postSolution
		{204881C8-A68D-48C0-8966-4DE4735BB738}.Debug|Any CPU.ActiveCfg = Debug|Any CPU
		{204881C8-A68D-48C0-8966-4DE4735BB738}.Debug|Any CPU.Build.0 = Debug|Any CPU
		{204881C8-A68D-48C0-8966-4DE4735BB738}.Release|Any CPU.ActiveCfg = Release|Any CPU
		{204881C8-A68D-48C0-8966-4DE4735BB738}.Release|Any CPU.Build.0 = Release|Any CPU
		{BF5245A9-EF71-4667-B100-3D20FCAAFE73}.Debug|Any CPU.ActiveCfg = Debug|Any CPU
		{BF5245A9-EF71-4667-B100-3D20FCAAFE73}.Debug|Any CPU.Build.0 = Debug|Any CPU
		{BF5245A9-EF71-4667-B100-3D20FCAAFE73}.Release|Any CPU.ActiveCfg = Release|Any CPU
		{BF5245A9-EF71-4667-B100-3D20FCAAFE73}.Release|Any CPU.Build.0 = Release|Any CPU
		{959D177E-51EE-4E60-AA5B-A7814ABB1039}.Debug|Any CPU.ActiveCfg = Debug|Any CPU
		{959D177E-51EE-4E60-AA5B-A7814ABB1039}.Debug|Any CPU.Build.0 = Debug|Any CPU
		{959D177E-51EE-4E60-AA5B-A7814ABB1039}.Release|Any CPU.ActiveCfg = Release|Any CPU
		{959D177E-51EE-4E60-AA5B-A7814ABB1039}.Release|Any CPU.Build.0 = Release|Any CPU
		{71F9EBEE-ECB6-4BA2-BC46-B8930375E9C2}.Debug|Any CPU.ActiveCfg = Debug|Any CPU
		{71F9EBEE-ECB6-4BA2-BC46-B8930375E9C2}.Debug|Any CPU.Build.0 = Debug|Any CPU
		{71F9EBEE-ECB6-4BA2-BC46-B8930375E9C2}.Release|Any CPU.ActiveCfg = Release|Any CPU
		{71F9EBEE-ECB6-4BA2-BC46-B8930375E9C2}.Release|Any CPU.Build.0 = Release|Any CPU
		{C5127791-4006-4B31-96D7-79E117EBCD81}.Debug|Any CPU.ActiveCfg = Debug|Any CPU
		{C5127791-4006-4B31-96D7-79E117EBCD81}.Debug|Any CPU.Build.0 = Debug|Any CPU
		{C5127791-4006-4B31-96D7-79E117EBCD81}.Release|Any CPU.ActiveCfg = Release|Any CPU
		{C5127791-4006-4B31-96D7-79E117EBCD81}.Release|Any CPU.Build.0 = Release|Any CPU
		{16B5963D-A81A-46DF-83F9-5875A913281C}.Debug|Any CPU.ActiveCfg = Debug|Any CPU
		{16B5963D-A81A-46DF-83F9-5875A913281C}.Debug|Any CPU.Build.0 = Debug|Any CPU
		{16B5963D-A81A-46DF-83F9-5875A913281C}.Release|Any CPU.ActiveCfg = Release|Any CPU
		{16B5963D-A81A-46DF-83F9-5875A913281C}.Release|Any CPU.Build.0 = Release|Any CPU
		{BB041CB0-30A5-4386-8908-C3C3EA95BF76}.Debug|Any CPU.ActiveCfg = Debug|Any CPU
		{BB041CB0-30A5-4386-8908-C3C3EA95BF76}.Debug|Any CPU.Build.0 = Debug|Any CPU
		{BB041CB0-30A5-4386-8908-C3C3EA95BF76}.Release|Any CPU.ActiveCfg = Release|Any CPU
		{BB041CB0-30A5-4386-8908-C3C3EA95BF76}.Release|Any CPU.Build.0 = Release|Any CPU
		{B85FF16D-E285-4D98-8637-83361010479C}.Debug|Any CPU.ActiveCfg = Debug|Any CPU
		{B85FF16D-E285-4D98-8637-83361010479C}.Debug|Any CPU.Build.0 = Debug|Any CPU
		{B85FF16D-E285-4D98-8637-83361010479C}.Release|Any CPU.ActiveCfg = Release|Any CPU
		{B85FF16D-E285-4D98-8637-83361010479C}.Release|Any CPU.Build.0 = Release|Any CPU
	EndGlobalSection
	GlobalSection(SolutionProperties) = preSolution
		HideSolutionNode = FALSE
	EndGlobalSection
	GlobalSection(NestedProjects) = preSolution
		{204881C8-A68D-48C0-8966-4DE4735BB738} = {2048BCE5-9707-4203-A724-F64EDAE2F0CB}
		{BF5245A9-EF71-4667-B100-3D20FCAAFE73} = {2048BCE5-9707-4203-A724-F64EDAE2F0CB}
		{959D177E-51EE-4E60-AA5B-A7814ABB1039} = {2048BCE5-9707-4203-A724-F64EDAE2F0CB}
		{71F9EBEE-ECB6-4BA2-BC46-B8930375E9C2} = {2048BCE5-9707-4203-A724-F64EDAE2F0CB}
		{C5127791-4006-4B31-96D7-79E117EBCD81} = {159CF98F-F27C-43BC-BFAD-EFEB7B75C7B7}
		{16B5963D-A81A-46DF-83F9-5875A913281C} = {159CF98F-F27C-43BC-BFAD-EFEB7B75C7B7}
		{BB041CB0-30A5-4386-8908-C3C3EA95BF76} = {159CF98F-F27C-43BC-BFAD-EFEB7B75C7B7}
		{B85FF16D-E285-4D98-8637-83361010479C} = {159CF98F-F27C-43BC-BFAD-EFEB7B75C7B7}
	EndGlobalSection
	GlobalSection(ExtensibilityGlobals) = postSolution
		SolutionGuid = {DB065F49-F952-4E3A-A711-751B254B779A}
	EndGlobalSection
EndGlobal
